
Microsoft Visual Studio Solution File, Format Version 12.00
# Visual Studio Version 17
VisualStudioVersion = 17.1.32407.343
MinimumVisualStudioVersion = 10.0.40219.1
Project("{8BC9CEB8-8B4A-11D0-8D11-00A0C91BC942}") = "Sfml Lab2", "Sfml Lab2.vcxproj", "{6101E967-C610-4CFE-ABD6-7CAC8ACA7AF0}"
EndProject
Global
	GlobalSection(SolutionConfigurationPlatforms) = preSolution
		Debug|ARM = Debug|ARM
		Debug|Win32 = Debug|Win32
		Debug|x64 = Debug|x64
		Debug|x86 = Debug|x86
		Release|ARM = Release|ARM
		Release|Win32 = Release|Win32
		Release|x64 = Release|x64
		Release|x86 = Release|x86
	EndGlobalSection
	GlobalSection(ProjectConfigurationPlatforms) = postSolution
		{6101E967-C610-4CFE-ABD6-7CAC8ACA7AF0}.Debug|ARM.ActiveCfg = Debug|ARM
		{6101E967-C610-4CFE-ABD6-7CAC8ACA7AF0}.Debug|ARM.Build.0 = Debug|ARM
		{6101E967-C610-4CFE-ABD6-7CAC8ACA7AF0}.Debug|Win32.ActiveCfg = Debug|Win32
		{6101E967-C610-4CFE-ABD6-7CAC8ACA7AF0}.Debug|Win32.Build.0 = Debug|Win32
		{6101E967-C610-4CFE-ABD6-7CAC8ACA7AF0}.Debug|x64.ActiveCfg = Debug|x64
		{6101E967-C610-4CFE-ABD6-7CAC8ACA7AF0}.Debug|x64.Build.0 = Debug|x64
		{6101E967-C610-4CFE-ABD6-7CAC8ACA7AF0}.Debug|x86.ActiveCfg = Debug|Win32
		{6101E967-C610-4CFE-ABD6-7CAC8ACA7AF0}.Debug|x86.Build.0 = Debug|Win32
		{6101E967-C610-4CFE-ABD6-7CAC8ACA7AF0}.Release|ARM.ActiveCfg = Release|ARM
		{6101E967-C610-4CFE-ABD6-7CAC8ACA7AF0}.Release|ARM.Build.0 = Release|ARM
		{6101E967-C610-4CFE-ABD6-7CAC8ACA7AF0}.Release|Win32.ActiveCfg = Release|Win32
		{6101E967-C610-4CFE-ABD6-7CAC8ACA7AF0}.Release|Win32.Build.0 = Release|Win32
		{6101E967-C610-4CFE-ABD6-7CAC8ACA7AF0}.Release|x64.ActiveCfg = Release|x64
		{6101E967-C610-4CFE-ABD6-7CAC8ACA7AF0}.Release|x64.Build.0 = Release|x64
		{6101E967-C610-4CFE-ABD6-7CAC8ACA7AF0}.Release|x86.ActiveCfg = Release|Win32
		{6101E967-C610-4CFE-ABD6-7CAC8ACA7AF0}.Release|x86.Build.0 = Release|Win32
	EndGlobalSection
	GlobalSection(SolutionProperties) = preSolution
		HideSolutionNode = FALSE
	EndGlobalSection
	GlobalSection(ExtensibilityGlobals) = postSolution
		SolutionGuid = {806AB16D-B23C-41AC-A08D-B6DE323F8BB2}
	EndGlobalSection
EndGlobal
